{
  "version": "4",
  "remote": {
    "https://cdn.jsdelivr.net/gh/stephband/dom@master/modules/assign.js": "437627ba80454dc9c51f560584a3beb6d2ee6d31240bce51ec1760b6db322faf",
    "https://cdn.jsdelivr.net/gh/stephband/dom@master/modules/create.js": "88c3e04e7b37676ce3f0ee6efbffc8a0c9101d308b39fcd752859aa55e5af1dc",
    "https://cdn.jsdelivr.net/gh/stephband/dom@master/modules/decode.js": "9607fd28167bf1866305a43145fbcd97a32b608b3662a0216142f405ec460064",
    "https://cdn.jsdelivr.net/gh/stephband/dom@master/modules/delegate.js": "bf8b5c0331d87a1e48b2f59a3aa39aedb6c973de1a988b776f52edd8db3038ce",
    "https://cdn.jsdelivr.net/gh/stephband/dom@master/modules/events.js": "4cc8cb0c11b47ed79d73f364f14a72794c61f7bcb55472baef9bd67c5126e1ac",
    "https://cdn.jsdelivr.net/gh/stephband/dom@master/modules/identify.js": "6900d596e2e85e824d2f07f82ae89f12d355421b3fe91ac9b050d1c529c2ccd0",
    "https://cdn.jsdelivr.net/gh/stephband/dom@master/modules/is-comment.js": "3b4ea0e6b730e35af4e0668f47f9513ee6c0676f13afdaee4919bdb64b232fad",
    "https://cdn.jsdelivr.net/gh/stephband/dom@master/modules/is-element.js": "a95687a5da0718d308c51598d95d561e9f275439a55bfffe093e60c678cb3c22",
    "https://cdn.jsdelivr.net/gh/stephband/dom@master/modules/is-fragment.js": "4d7fc4e76a9eea2fb59de037cfe487fa564d5615ca69fd9cb417d9927e5014d6",
    "https://cdn.jsdelivr.net/gh/stephband/dom@master/modules/is-text-node.js": "976cf472ccd6883a3d60b65e9f9fad8af66f5a39494beb224d961628f8a8a62b",
    "https://cdn.jsdelivr.net/gh/stephband/dom@master/modules/parse.js": "3c0913302b3493ffbfb2123f91ece65596f4b895baa9ed80e0975bc88000afba",
    "https://cdn.jsdelivr.net/gh/stephband/dom@master/modules/request.js": "bfc9ecf0f21ab6e453a20df4d083c604ec94326a4d27b61f974a43d75b7a860b",
    "https://cdn.jsdelivr.net/gh/stephband/dom@master/modules/to-type.js": "28d34a1a85d01d9896fc34aeab4bd396796cb5bb143a4bbb8f871d04f50a4b42",
    "https://cdn.jsdelivr.net/gh/stephband/dom@master/modules/trigger.js": "4076f396d9b2493f80bcc5fc9201459c091025d0fb56778728931cf2f669191c",
    "https://cdn.jsdelivr.net/gh/stephband/fn@master/modules/arg.js": "8886e09cb323fe28f0018ab831780a8cf7089afdcd95ad71e3060031ba28f447",
    "https://cdn.jsdelivr.net/gh/stephband/fn@master/modules/args.js": "3d3c0ad2e2672d04a0d9d0c25e4dfd0e603e3fe04d7c85b9016c833ec89a8180",
    "https://cdn.jsdelivr.net/gh/stephband/fn@master/modules/cache-by-key.js": "df97b87b66b6dbcfe6d0f1a2131a32a9c54a841af38a0def51353d325283a2a8",
    "https://cdn.jsdelivr.net/gh/stephband/fn@master/modules/cache.js": "879ee2b7ea4d0d749d6e8f359aee960a5814e4eeff83a7158bf70e3a25851db0",
    "https://cdn.jsdelivr.net/gh/stephband/fn@master/modules/capture.js": "9139789b5351ebebde3cb3bc3f9a66ebed5cee3b0cd9ffe868dcf63b4ec65220",
    "https://cdn.jsdelivr.net/gh/stephband/fn@master/modules/choose.js": "f7cea32a66325f47c88fc2efb6812ed93b058da8ca6c2b16e24319f18e836623",
    "https://cdn.jsdelivr.net/gh/stephband/fn@master/modules/compile.js": "2f42842e01928318b14d927c2b974a591d57cf2f5ca7bfb1ee6aa65f15bb4630",
    "https://cdn.jsdelivr.net/gh/stephband/fn@master/modules/curry.js": "b65b5d09c6b82430a9c0e4feb5d31f638cdc46a1ed90192e67c512bad5c5c211",
    "https://cdn.jsdelivr.net/gh/stephband/fn@master/modules/data.js": "7160831dd73b887afc043869781c2768e12bcfe88b237053bbd96260f52def06",
    "https://cdn.jsdelivr.net/gh/stephband/fn@master/modules/exec.js": "5cbade9bbfea82b53d64e0560a7a71b915470f04223266939ed6d48f2df4aafa",
    "https://cdn.jsdelivr.net/gh/stephband/fn@master/modules/get.js": "e7c7d9d3eb4d4e74185b1c29feb8559c65466a03545237c20e38630132add474",
    "https://cdn.jsdelivr.net/gh/stephband/fn@master/modules/id.js": "9c90e26a082d67afdeb83fb64bd795c469f317dca5850c404d6a6f0aa82331dc",
    "https://cdn.jsdelivr.net/gh/stephband/fn@master/modules/is-defined.js": "bb52a475df99e758a311b0a6761b04630e4d6a2f8cc194f286277d79b2e48840",
    "https://cdn.jsdelivr.net/gh/stephband/fn@master/modules/last.js": "67aed33a150409aa3135cd25ada243d8b010b6ec1fe9ac73fc539ec08b122c62",
    "https://cdn.jsdelivr.net/gh/stephband/fn@master/modules/matches.js": "58e93677c938f140acd0f5c2e2254e565af0439b781c30e2446574b194b5bd1b",
    "https://cdn.jsdelivr.net/gh/stephband/fn@master/modules/noop.js": "3be7f93ead642d9f6bc860649ba683cf6d47e37fe7c63c6c8e17c3187140ba96",
    "https://cdn.jsdelivr.net/gh/stephband/fn@master/modules/nothing.js": "a630a4e99485f66dceef4f6bcadf2ba933fa7b43968ee6467ddfd34445460be1",
    "https://cdn.jsdelivr.net/gh/stephband/fn@master/modules/overload.js": "92a50c40abda323cc5bcbbeb8b69845c11fcc6606bc0dcd8fc914787e2f41891",
    "https://cdn.jsdelivr.net/gh/stephband/fn@master/modules/remove.js": "08a63a54d84d0c3e6f8b74d10ca031f2f4fdcfeb56f805a7eb4095f63f405a81",
    "https://cdn.jsdelivr.net/gh/stephband/fn@master/modules/self.js": "c0208917a31ade85516ce45834e5bde94688f28f1bf821c867fd7f863a14af68",
    "https://cdn.jsdelivr.net/gh/stephband/fn@master/modules/set-path.js": "ad389c6143d4e6a0646009253f2efb80f423f7a9fa21e040c26df6e2ec15e799",
    "https://cdn.jsdelivr.net/gh/stephband/fn@master/modules/signal.js": "392a60bbda0b86aa63a7a0fbefe211df4b75d1e817b8787bc33136dd398fc789",
    "https://cdn.jsdelivr.net/gh/stephband/fn@master/modules/stream/stream.js": "4a3202fc3d3a0032f3afe474b11d2b429289b2646d7314496b9aef81b4bea846",
    "https://cdn.jsdelivr.net/gh/stephband/fn@master/modules/sum.js": "8462d67281302a31d1d140f6f20af6abf027a47f6210241fe5cf71d7b50ac49c",
    "https://cdn.jsdelivr.net/gh/stephband/fn@master/modules/to-camel-case.js": "3e614b5c7e25804662b4a759c996bebda621ff1e586a407b723a479e05e8ca5b",
    "https://cdn.jsdelivr.net/gh/stephband/fn@master/modules/to-type.js": "35fcde240d7038eb7fea1d7c76f614f14dfa3e6caf99975a37ca85c047ad28ea",
    "https://cdn.jsdelivr.net/gh/stephband/literal@main/module.js": "e495a8f5b6ca57085d35ab7877de6e9bafc7ea9ca03876aa91e2f0f4ce4a807b",
    "https://cdn.jsdelivr.net/gh/stephband/literal@main/modules/compile/compile-attribute.js": "7c149c4177b3079cd737b83fd65e424a51ee2912693e458a5bde3e51ae924f95",
    "https://cdn.jsdelivr.net/gh/stephband/literal@main/modules/compile/compile-node.js": "34bf32fbf2b39fd9d4686e34a7e86d477f9c5f53f3d749697c9d7917115f58a4",
    "https://cdn.jsdelivr.net/gh/stephband/literal@main/modules/compile/compile.js": "14ea7426d819dd807aaf8aaa0e0fa72a41e6c7a4c2b6490d95647157b88ce59b",
    "https://cdn.jsdelivr.net/gh/stephband/literal@main/modules/compile/constants.js": "ac7ffaaef48187ecc976a190543a7078c77c278dbd9cb127e8c0868abbc7926e",
    "https://cdn.jsdelivr.net/gh/stephband/literal@main/modules/compile/is-literal-string.js": "eb7032f1637bf722870da4ace2a30ba1c347c00136b1bab7aa17f30126d905e9",
    "https://cdn.jsdelivr.net/gh/stephband/literal@main/modules/compile/truncate.js": "921438459db669700c5e04de0348a969e6ea949bd5c7070587946fb4304d07aa",
    "https://cdn.jsdelivr.net/gh/stephband/literal@main/modules/config.js": "0def291b380e3b61e653dc9b190908fd5550ca134707a555c3fa128204bc3bfc",
    "https://cdn.jsdelivr.net/gh/stephband/literal@main/modules/dom/delete-range.js": "07aba7fcc4e3c0263b614c52e97ae4583f5801c43da7891337ab22445d3ac148",
    "https://cdn.jsdelivr.net/gh/stephband/literal@main/modules/dom/get-by-id.js": "98e3f6830066497c814ac59623f49e446b8d89e92b11eab2d155cc4572480664",
    "https://cdn.jsdelivr.net/gh/stephband/literal@main/modules/dom/index-of.js": "0437eb4983ccd141865d77a1fc5363e2f6555f9c437da7b29ff37c546ba9333a",
    "https://cdn.jsdelivr.net/gh/stephband/literal@main/modules/include.js": "baeab948391228699856e0343ab0e3e6f9e3c3bb4b5b634e0834d35cbdfb916d",
    "https://cdn.jsdelivr.net/gh/stephband/literal@main/modules/log.js": "97f4a01c8e3926dc7a95c97e29f769fb54a49ad9343506ec209edb33651db7e4",
    "https://cdn.jsdelivr.net/gh/stephband/literal@main/modules/print.js": "08588e54916bb6109a932370335563375958a84cdcf81fcf015b7e3a33fbc5fb",
    "https://cdn.jsdelivr.net/gh/stephband/literal@main/modules/renderer/property-names.js": "2d2960ff4d9bbd1430cf45f4dafe5aa78280c75ce0d1ee5e2397c43c8d8da8af",
    "https://cdn.jsdelivr.net/gh/stephband/literal@main/modules/renderer/renderer-attribute.js": "262028978dbaabbacddf33fb48f3c17cea5da596855513ba4bb13dd61f1a0136",
    "https://cdn.jsdelivr.net/gh/stephband/literal@main/modules/renderer/renderer-boolean.js": "06ebcbc36435a4764996241830c69924ed59128a9032d08951a4fa2f11c0e68a",
    "https://cdn.jsdelivr.net/gh/stephband/literal@main/modules/renderer/renderer-checked.js": "3588b1d54530d1244c84c316f6e10892032dd8de59b3930da1763dfdcb4ea716",
    "https://cdn.jsdelivr.net/gh/stephband/literal@main/modules/renderer/renderer-dataset.js": "c3c20246fe2daf0f943dc1a517985184615d43f2fa9f5bbc62b402bd00c5c2fe",
    "https://cdn.jsdelivr.net/gh/stephband/literal@main/modules/renderer/renderer-style.js": "fbec5d088a7398724c0d3ea10e31421256cbdaed22d5b3de7ef64dcf5e3f510f",
    "https://cdn.jsdelivr.net/gh/stephband/literal@main/modules/renderer/renderer-text.js": "6523392e4f04723909c23d58aaf01f9acbcc13672125d6ffc96e968eb5e5f9b4",
    "https://cdn.jsdelivr.net/gh/stephband/literal@main/modules/renderer/renderer-tokens.js": "ccedfe68689b189aa795e784cc8b4e47032864eada33f66036a5ff36241e3b6e",
    "https://cdn.jsdelivr.net/gh/stephband/literal@main/modules/renderer/renderer-value.js": "8d33211384d350f09de8d7c697d0d6484ac4a8f1762f339ada7458021b36be15",
    "https://cdn.jsdelivr.net/gh/stephband/literal@main/modules/renderer/renderer.js": "9cee99458c17fee2f47ea847800e71601bb69d37d56a7f0c3bb267317746a94e",
    "https://cdn.jsdelivr.net/gh/stephband/literal@main/modules/renderer/to-text.js": "1fedfbdcc6e4784f426bb18a385b9e771da43be55d947464161e57d5a8fd9a70",
    "https://cdn.jsdelivr.net/gh/stephband/literal@main/modules/request-data.js": "af9b69f600fc8fffd3fa3da862f01070c803447e2f4ec03c599504965763ac23",
    "https://cdn.jsdelivr.net/gh/stephband/literal@main/modules/request-template.js": "5cc00463c9884075fa2f157a85af714e6d4debec0d725c441b2e57d0a6e27b91",
    "https://cdn.jsdelivr.net/gh/stephband/literal@main/modules/scope.js": "3b11f04b0be853e9dc7081b03fac841839282a9a3d760b7c763e4c71741cc3ed",
    "https://cdn.jsdelivr.net/gh/stephband/literal@main/modules/stash.js": "1f377ead63a4c2c200f8fe98b7ca0b02393c7908b33c3ef56e3698401e9cc60c",
    "https://cdn.jsdelivr.net/gh/stephband/literal@main/modules/template.js": "f5601c6f2d4abf05a6cce50457c7958a912e1ba191d831dcb444ab81906104a6",
    "https://cdn.jsdelivr.net/gh/stephband/literal@main/modules/urls.js": "1f30043fe16b0176b8234098d59d4c1b4fb6d2081e674650e4f1a51f76ffbf73",
    "https://cdn.jsdelivr.net/gh/stephband/literal@main/scope/safe.js": "ed2c19242b9a5af5df92067eff3caaa9a6ec58e3926d198aab89d14dc31a90b9",
    "https://cdn.jsdelivr.net/gh/stephband/literal@main/scope/scope-dom.js": "14d068563ae5a091fc64538b823dde4d8ef69ecc1114aef4d341e401effc683e",
    "https://cdn.jsdelivr.net/gh/stephband/literal@main/scope/scope-fns.js": "6cc145b23325fae114eb839ee77f50e2d312c20eac083791e3ae29a94cfe8171"
  }
}
